
Microsoft Visual Studio Solution File, Format Version 12.00
# Visual Studio Version 16
VisualStudioVersion = 16.0.30225.117
MinimumVisualStudioVersion = 10.0.40219.1
Project("{9A19103F-16F7-4668-BE54-9A1E7A4F7556}") = "VmSchool", "VmSchool\VmSchool.csproj", "{2147F096-32B7-454C-9651-7F212E27B881}"
EndProject
Project("{9A19103F-16F7-4668-BE54-9A1E7A4F7556}") = "VmSchool.BL", "VmSchool.BL\VmSchool.BL.csproj", "{0B5CDBC3-7E81-441C-89AD-A05CFA923000}"
EndProject
Project("{9A19103F-16F7-4668-BE54-9A1E7A4F7556}") = "VmSchool.DAL", "VmSchool.DAL\VmSchool.DAL.csproj", "{A47019C7-A79D-47C3-BDAD-EB5AF1D6898B}"
EndProject
Global
	GlobalSection(SolutionConfigurationPlatforms) = preSolution
		Debug|Any CPU = Debug|Any CPU
		Release|Any CPU = Release|Any CPU
	EndGlobalSection
	GlobalSection(ProjectConfigurationPlatforms) = postSolution
		{2147F096-32B7-454C-9651-7F212E27B881}.Debug|Any CPU.ActiveCfg = Debug|Any CPU
		{2147F096-32B7-454C-9651-7F212E27B881}.Debug|Any CPU.Build.0 = Debug|Any CPU
		{2147F096-32B7-454C-9651-7F212E27B881}.Release|Any CPU.ActiveCfg = Release|Any CPU
		{2147F096-32B7-454C-9651-7F212E27B881}.Release|Any CPU.Build.0 = Release|Any CPU
		{0B5CDBC3-7E81-441C-89AD-A05CFA923000}.Debug|Any CPU.ActiveCfg = Debug|Any CPU
		{0B5CDBC3-7E81-441C-89AD-A05CFA923000}.Debug|Any CPU.Build.0 = Debug|Any CPU
		{0B5CDBC3-7E81-441C-89AD-A05CFA923000}.Release|Any CPU.ActiveCfg = Release|Any CPU
		{0B5CDBC3-7E81-441C-89AD-A05CFA923000}.Release|Any CPU.Build.0 = Release|Any CPU
		{A47019C7-A79D-47C3-BDAD-EB5AF1D6898B}.Debug|Any CPU.ActiveCfg = Debug|Any CPU
		{A47019C7-A79D-47C3-BDAD-EB5AF1D6898B}.Debug|Any CPU.Build.0 = Debug|Any CPU
		{A47019C7-A79D-47C3-BDAD-EB5AF1D6898B}.Release|Any CPU.ActiveCfg = Release|Any CPU
		{A47019C7-A79D-47C3-BDAD-EB5AF1D6898B}.Release|Any CPU.Build.0 = Release|Any CPU
	EndGlobalSection
	GlobalSection(SolutionProperties) = preSolution
		HideSolutionNode = FALSE
	EndGlobalSection
	GlobalSection(ExtensibilityGlobals) = postSolution
		SolutionGuid = {59E31F40-1DA5-4DF9-B44D-842CB12D2D6B}
	EndGlobalSection
EndGlobal
